
Microsoft Visual Studio Solution File, Format Version 12.00
Project("{FAE04EC0-301F-11D3-BF4B-00C04F79EFBC}") = "FuncionariosEmpresa.Api", "FuncionariosEmpresa.Api\FuncionariosEmpresa.Api.csproj", "{FE7BC442-8C39-4BA5-9B18-B0297BD47884}"
EndProject
Global
	GlobalSection(SolutionConfigurationPlatforms) = preSolution
		Debug|Any CPU = Debug|Any CPU
		Release|Any CPU = Release|Any CPU
	EndGlobalSection
	GlobalSection(ProjectConfigurationPlatforms) = postSolution
		{FE7BC442-8C39-4BA5-9B18-B0297BD47884}.Debug|Any CPU.ActiveCfg = Debug|Any CPU
		{FE7BC442-8C39-4BA5-9B18-B0297BD47884}.Debug|Any CPU.Build.0 = Debug|Any CPU
		{FE7BC442-8C39-4BA5-9B18-B0297BD47884}.Release|Any CPU.ActiveCfg = Release|Any CPU
		{FE7BC442-8C39-4BA5-9B18-B0297BD47884}.Release|Any CPU.Build.0 = Release|Any CPU
	EndGlobalSection
EndGlobal
